
Microsoft Visual Studio Solution File, Format Version 11.00
# Visual Studio 2010
Project("{FAE04EC0-301F-11D3-BF4B-00C04F79EFBC}") = "Agathas.Storefront.Infrastructure", "Agathas.Storefront.Infrastructure\Agathas.Storefront.Infrastructure.csproj", "{578D58FB-8380-489F-8468-138EA8C27937}"
EndProject
Project("{FAE04EC0-301F-11D3-BF4B-00C04F79EFBC}") = "Agathas.Storefront.Ui.Web.Views", "Agathas.Storefront.Ui.Web.Views\Agathas.Storefront.Ui.Web.Views.csproj", "{E57C5FED-61A0-4357-8308-ABEA91CC9E6D}"
EndProject
Project("{FAE04EC0-301F-11D3-BF4B-00C04F79EFBC}") = "Agathas.Storefront.Specs.Core", "Agathas.Storefront.Specs.Core\Agathas.Storefront.Specs.Core.csproj", "{A9A5BED6-8B6C-476A-8A50-A52B4307E6A3}"
EndProject
Project("{FAE04EC0-301F-11D3-BF4B-00C04F79EFBC}") = "Agathas.Storefront.Specs.Uat", "Agathas.Storefront.Specs.Uat\Agathas.Storefront.Specs.Uat.csproj", "{8A0D0E13-1963-43BD-ACE7-B46B0D169E19}"
EndProject
Project("{2150E333-8FDC-42A3-9474-1A3956D46DE8}") = "Domain", "Domain", "{580C1C19-3934-49E8-B41A-82FBBEF01475}"
EndProject
Project("{2150E333-8FDC-42A3-9474-1A3956D46DE8}") = "Tests", "Tests", "{1BC99DCB-D856-453A-9B0B-50526AB37A83}"
EndProject
Project("{FAE04EC0-301F-11D3-BF4B-00C04F79EFBC}") = "Agathas.Storefront.Ui.Web", "Agathas.Storefront.Ui.Web\Agathas.Storefront.Ui.Web.csproj", "{4CBE04B2-FFB9-4513-B278-659CC20D3943}"
EndProject
Project("{FAE04EC0-301F-11D3-BF4B-00C04F79EFBC}") = "Agathas.Storefront.ProductBrowsing", "Agathas.Storefront.ProductBrowsing\Agathas.Storefront.ProductBrowsing.csproj", "{70601E59-5D3C-4FBA-A0EC-A2A420214DAF}"
EndProject
Project("{2150E333-8FDC-42A3-9474-1A3956D46DE8}") = "UI", "UI", "{85BBFD14-B984-4F95-ACC2-9B01566C8F1D}"
EndProject
Project("{2150E333-8FDC-42A3-9474-1A3956D46DE8}") = "Infrastructure", "Infrastructure", "{774A1C2B-8E67-465D-9A25-44C06DBE8545}"
EndProject
Project("{FAE04EC0-301F-11D3-BF4B-00C04F79EFBC}") = "Agathas.Storefront.Shopping", "Agathas.Storefront.Shopping\Agathas.Storefront.Shopping.csproj", "{6B8D6DFC-1688-4051-A362-0B1D314CBB37}"
EndProject
Project("{FAE04EC0-301F-11D3-BF4B-00C04F79EFBC}") = "Agathas.Storefront.Shipping", "Agathas.Storefront.Shipping\Agathas.Storefront.Shipping.csproj", "{260C9FB5-E31C-4823-AEE9-B8B12D838F3C}"
EndProject
Project("{FAE04EC0-301F-11D3-BF4B-00C04F79EFBC}") = "Agathas.Storefront.Common", "Agathas.Storefront.Common\Agathas.Storefront.Common.csproj", "{44742C7B-B220-4154-BC0D-CE82B1BE74C9}"
EndProject
Project("{FAE04EC0-301F-11D3-BF4B-00C04F79EFBC}") = "Agathas.Storefront.Account", "Agathas.Storefront.Account\Agathas.Storefront.Account.csproj", "{BF4A1814-6F4C-4B8E-8ACE-4FEC90D59AE7}"
EndProject
Project("{FAE04EC0-301F-11D3-BF4B-00C04F79EFBC}") = "Agathas.Storefront.Domain", "Agathas.Storefront.Domain\Agathas.Storefront.Domain.csproj", "{D1A8BCC7-3A89-4C11-9983-2D54E465BC9F}"
EndProject
Project("{FAE04EC0-301F-11D3-BF4B-00C04F79EFBC}") = "Agathas.Storefront.Ordering", "Agathas.Storefront.Ordering\Agathas.Storefront.Ordering.csproj", "{9D29D9A2-11BF-4C83-BBEC-36FC72868DAB}"
EndProject
Global
	GlobalSection(SolutionConfigurationPlatforms) = preSolution
		Debug|Any CPU = Debug|Any CPU
		Release|Any CPU = Release|Any CPU
	EndGlobalSection
	GlobalSection(ProjectConfigurationPlatforms) = postSolution
		{578D58FB-8380-489F-8468-138EA8C27937}.Debug|Any CPU.ActiveCfg = Debug|Any CPU
		{578D58FB-8380-489F-8468-138EA8C27937}.Debug|Any CPU.Build.0 = Debug|Any CPU
		{578D58FB-8380-489F-8468-138EA8C27937}.Release|Any CPU.ActiveCfg = Release|Any CPU
		{578D58FB-8380-489F-8468-138EA8C27937}.Release|Any CPU.Build.0 = Release|Any CPU
		{E57C5FED-61A0-4357-8308-ABEA91CC9E6D}.Debug|Any CPU.ActiveCfg = Debug|Any CPU
		{E57C5FED-61A0-4357-8308-ABEA91CC9E6D}.Debug|Any CPU.Build.0 = Debug|Any CPU
		{E57C5FED-61A0-4357-8308-ABEA91CC9E6D}.Release|Any CPU.ActiveCfg = Release|Any CPU
		{E57C5FED-61A0-4357-8308-ABEA91CC9E6D}.Release|Any CPU.Build.0 = Release|Any CPU
		{A9A5BED6-8B6C-476A-8A50-A52B4307E6A3}.Debug|Any CPU.ActiveCfg = Debug|Any CPU
		{A9A5BED6-8B6C-476A-8A50-A52B4307E6A3}.Debug|Any CPU.Build.0 = Debug|Any CPU
		{A9A5BED6-8B6C-476A-8A50-A52B4307E6A3}.Release|Any CPU.ActiveCfg = Release|Any CPU
		{A9A5BED6-8B6C-476A-8A50-A52B4307E6A3}.Release|Any CPU.Build.0 = Release|Any CPU
		{8A0D0E13-1963-43BD-ACE7-B46B0D169E19}.Debug|Any CPU.ActiveCfg = Debug|Any CPU
		{8A0D0E13-1963-43BD-ACE7-B46B0D169E19}.Debug|Any CPU.Build.0 = Debug|Any CPU
		{8A0D0E13-1963-43BD-ACE7-B46B0D169E19}.Release|Any CPU.ActiveCfg = Release|Any CPU
		{8A0D0E13-1963-43BD-ACE7-B46B0D169E19}.Release|Any CPU.Build.0 = Release|Any CPU
		{4CBE04B2-FFB9-4513-B278-659CC20D3943}.Debug|Any CPU.ActiveCfg = Debug|Any CPU
		{4CBE04B2-FFB9-4513-B278-659CC20D3943}.Debug|Any CPU.Build.0 = Debug|Any CPU
		{4CBE04B2-FFB9-4513-B278-659CC20D3943}.Release|Any CPU.ActiveCfg = Release|Any CPU
		{4CBE04B2-FFB9-4513-B278-659CC20D3943}.Release|Any CPU.Build.0 = Release|Any CPU
		{70601E59-5D3C-4FBA-A0EC-A2A420214DAF}.Debug|Any CPU.ActiveCfg = Debug|Any CPU
		{70601E59-5D3C-4FBA-A0EC-A2A420214DAF}.Debug|Any CPU.Build.0 = Debug|Any CPU
		{70601E59-5D3C-4FBA-A0EC-A2A420214DAF}.Release|Any CPU.ActiveCfg = Release|Any CPU
		{70601E59-5D3C-4FBA-A0EC-A2A420214DAF}.Release|Any CPU.Build.0 = Release|Any CPU
		{6B8D6DFC-1688-4051-A362-0B1D314CBB37}.Debug|Any CPU.ActiveCfg = Debug|Any CPU
		{6B8D6DFC-1688-4051-A362-0B1D314CBB37}.Debug|Any CPU.Build.0 = Debug|Any CPU
		{6B8D6DFC-1688-4051-A362-0B1D314CBB37}.Release|Any CPU.ActiveCfg = Release|Any CPU
		{6B8D6DFC-1688-4051-A362-0B1D314CBB37}.Release|Any CPU.Build.0 = Release|Any CPU
		{260C9FB5-E31C-4823-AEE9-B8B12D838F3C}.Debug|Any CPU.ActiveCfg = Debug|Any CPU
		{260C9FB5-E31C-4823-AEE9-B8B12D838F3C}.Debug|Any CPU.Build.0 = Debug|Any CPU
		{260C9FB5-E31C-4823-AEE9-B8B12D838F3C}.Release|Any CPU.ActiveCfg = Release|Any CPU
		{260C9FB5-E31C-4823-AEE9-B8B12D838F3C}.Release|Any CPU.Build.0 = Release|Any CPU
		{44742C7B-B220-4154-BC0D-CE82B1BE74C9}.Debug|Any CPU.ActiveCfg = Debug|Any CPU
		{44742C7B-B220-4154-BC0D-CE82B1BE74C9}.Debug|Any CPU.Build.0 = Debug|Any CPU
		{44742C7B-B220-4154-BC0D-CE82B1BE74C9}.Release|Any CPU.ActiveCfg = Release|Any CPU
		{44742C7B-B220-4154-BC0D-CE82B1BE74C9}.Release|Any CPU.Build.0 = Release|Any CPU
		{BF4A1814-6F4C-4B8E-8ACE-4FEC90D59AE7}.Debug|Any CPU.ActiveCfg = Debug|Any CPU
		{BF4A1814-6F4C-4B8E-8ACE-4FEC90D59AE7}.Debug|Any CPU.Build.0 = Debug|Any CPU
		{BF4A1814-6F4C-4B8E-8ACE-4FEC90D59AE7}.Release|Any CPU.ActiveCfg = Release|Any CPU
		{BF4A1814-6F4C-4B8E-8ACE-4FEC90D59AE7}.Release|Any CPU.Build.0 = Release|Any CPU
		{D1A8BCC7-3A89-4C11-9983-2D54E465BC9F}.Debug|Any CPU.ActiveCfg = Debug|Any CPU
		{D1A8BCC7-3A89-4C11-9983-2D54E465BC9F}.Debug|Any CPU.Build.0 = Debug|Any CPU
		{D1A8BCC7-3A89-4C11-9983-2D54E465BC9F}.Release|Any CPU.ActiveCfg = Release|Any CPU
		{D1A8BCC7-3A89-4C11-9983-2D54E465BC9F}.Release|Any CPU.Build.0 = Release|Any CPU
		{9D29D9A2-11BF-4C83-BBEC-36FC72868DAB}.Debug|Any CPU.ActiveCfg = Debug|Any CPU
		{9D29D9A2-11BF-4C83-BBEC-36FC72868DAB}.Debug|Any CPU.Build.0 = Debug|Any CPU
		{9D29D9A2-11BF-4C83-BBEC-36FC72868DAB}.Release|Any CPU.ActiveCfg = Release|Any CPU
		{9D29D9A2-11BF-4C83-BBEC-36FC72868DAB}.Release|Any CPU.Build.0 = Release|Any CPU
	EndGlobalSection
	GlobalSection(SolutionProperties) = preSolution
		HideSolutionNode = FALSE
	EndGlobalSection
	GlobalSection(NestedProjects) = preSolution
		{578D58FB-8380-489F-8468-138EA8C27937} = {774A1C2B-8E67-465D-9A25-44C06DBE8545}
		{4CBE04B2-FFB9-4513-B278-659CC20D3943} = {85BBFD14-B984-4F95-ACC2-9B01566C8F1D}
		{E57C5FED-61A0-4357-8308-ABEA91CC9E6D} = {85BBFD14-B984-4F95-ACC2-9B01566C8F1D}
		{8A0D0E13-1963-43BD-ACE7-B46B0D169E19} = {1BC99DCB-D856-453A-9B0B-50526AB37A83}
		{A9A5BED6-8B6C-476A-8A50-A52B4307E6A3} = {1BC99DCB-D856-453A-9B0B-50526AB37A83}
		{70601E59-5D3C-4FBA-A0EC-A2A420214DAF} = {580C1C19-3934-49E8-B41A-82FBBEF01475}
		{6B8D6DFC-1688-4051-A362-0B1D314CBB37} = {580C1C19-3934-49E8-B41A-82FBBEF01475}
		{260C9FB5-E31C-4823-AEE9-B8B12D838F3C} = {580C1C19-3934-49E8-B41A-82FBBEF01475}
		{44742C7B-B220-4154-BC0D-CE82B1BE74C9} = {580C1C19-3934-49E8-B41A-82FBBEF01475}
		{BF4A1814-6F4C-4B8E-8ACE-4FEC90D59AE7} = {580C1C19-3934-49E8-B41A-82FBBEF01475}
		{D1A8BCC7-3A89-4C11-9983-2D54E465BC9F} = {580C1C19-3934-49E8-B41A-82FBBEF01475}
		{9D29D9A2-11BF-4C83-BBEC-36FC72868DAB} = {580C1C19-3934-49E8-B41A-82FBBEF01475}
	EndGlobalSection
EndGlobal
